# This file is automatically @generated by Cargo.
# It is not intended for manual editing.
version = 3

[[package]]
name = "cc"
version = "1.0.95"
source = "registry+https://github.com/rust-lang/crates.io-index"
checksum = "d32a725bc159af97c3e629873bb9f88fb8cf8a4867175f76dc987815ea07c83b"

[[package]]
name = "cwcat"
version = "0.1.3"
dependencies = [
 "matroska-demuxer",
 "webm",
]

[[package]]
name = "matroska-demuxer"
version = "0.5.0"
source = "registry+https://github.com/rust-lang/crates.io-index"
checksum = "329a4d8d9b4366dd12dcc99c8916f08a011a7a48aab40b5dcaead6174c8e7a90"

[[package]]
name = "webm"
version = "1.1.1"
source = "registry+https://github.com/rust-lang/crates.io-index"
checksum = "b75c5fd1fa6e098aa8ed9f4c9f57ed227283c171c78e48285b7f8d63fb860636"
dependencies = [
 "webm-sys",
]

[[package]]
name = "webm-sys"
version = "1.0.6"
source = "registry+https://github.com/rust-lang/crates.io-index"
checksum = "3ff8af7ecb1482df59ff48eec46ebcf9cfefca49bcf50bae694fa54e0d1a981b"
dependencies = [
 "cc",
]
